
Microsoft Visual Studio Solution File, Format Version 12.00
# Visual Studio Version 17
VisualStudioVersion = 17.0.32112.339
MinimumVisualStudioVersion = 10.0.40219.1
Project("{FAE04EC0-301F-11D3-BF4B-00C04F79EFBC}") = "HW3_Fractions", "HW3_Fractions.csproj", "{8592CA27-E7FA-4C78-A230-6B1F9F9CD82B}"
EndProject
Global
	GlobalSection(SolutionConfigurationPlatforms) = preSolution
		Debug|Any CPU = Debug|Any CPU
		Release|Any CPU = Release|Any CPU
	EndGlobalSection
	GlobalSection(ProjectConfigurationPlatforms) = postSolution
		{8592CA27-E7FA-4C78-A230-6B1F9F9CD82B}.Debug|Any CPU.ActiveCfg = Debug|Any CPU
		{8592CA27-E7FA-4C78-A230-6B1F9F9CD82B}.Debug|Any CPU.Build.0 = Debug|Any CPU
		{8592CA27-E7FA-4C78-A230-6B1F9F9CD82B}.Release|Any CPU.ActiveCfg = Release|Any CPU
		{8592CA27-E7FA-4C78-A230-6B1F9F9CD82B}.Release|Any CPU.Build.0 = Release|Any CPU
	EndGlobalSection
	GlobalSection(SolutionProperties) = preSolution
		HideSolutionNode = FALSE
	EndGlobalSection
	GlobalSection(ExtensibilityGlobals) = postSolution
		SolutionGuid = {FD8C7DAD-9EE5-4354-AC09-1A1906DD0BD0}
	EndGlobalSection
EndGlobal
